
Microsoft Visual Studio Solution File, Format Version 12.00
# Visual Studio 15
VisualStudioVersion = 15.0.28010.2036
MinimumVisualStudioVersion = 10.0.40219.1
Project("{FAE04EC0-301F-11D3-BF4B-00C04F79EFBC}") = "MultiProjectSolnPractice", "MultiProjectSolnPractice\MultiProjectSolnPractice.csproj", "{685EE5C9-1247-406A-BD9B-AB472D7D47C3}"
EndProject
Project("{FAE04EC0-301F-11D3-BF4B-00C04F79EFBC}") = "MultiProjectSolnPractice.Tests", "MultiProjectSolnPractice.Tests\MultiProjectSolnPractice.Tests.csproj", "{495807CE-BBEC-4805-B044-357137725340}"
EndProject
Global
	GlobalSection(SolutionConfigurationPlatforms) = preSolution
		Debug|Any CPU = Debug|Any CPU
		Release|Any CPU = Release|Any CPU
	EndGlobalSection
	GlobalSection(ProjectConfigurationPlatforms) = postSolution
		{685EE5C9-1247-406A-BD9B-AB472D7D47C3}.Debug|Any CPU.ActiveCfg = Debug|Any CPU
		{685EE5C9-1247-406A-BD9B-AB472D7D47C3}.Debug|Any CPU.Build.0 = Debug|Any CPU
		{685EE5C9-1247-406A-BD9B-AB472D7D47C3}.Release|Any CPU.ActiveCfg = Release|Any CPU
		{685EE5C9-1247-406A-BD9B-AB472D7D47C3}.Release|Any CPU.Build.0 = Release|Any CPU
		{495807CE-BBEC-4805-B044-357137725340}.Debug|Any CPU.ActiveCfg = Debug|Any CPU
		{495807CE-BBEC-4805-B044-357137725340}.Debug|Any CPU.Build.0 = Debug|Any CPU
		{495807CE-BBEC-4805-B044-357137725340}.Release|Any CPU.ActiveCfg = Release|Any CPU
		{495807CE-BBEC-4805-B044-357137725340}.Release|Any CPU.Build.0 = Release|Any CPU
	EndGlobalSection
	GlobalSection(SolutionProperties) = preSolution
		HideSolutionNode = FALSE
	EndGlobalSection
	GlobalSection(ExtensibilityGlobals) = postSolution
		SolutionGuid = {75D327CD-9E60-4C85-9E22-C23B60351814}
	EndGlobalSection
EndGlobal
